
Microsoft Visual Studio Solution File, Format Version 12.00
# Visual Studio 15
VisualStudioVersion = 15.0.27130.2027
MinimumVisualStudioVersion = 10.0.40219.1
Project("{9A19103F-16F7-4668-BE54-9A1E7A4F7556}") = "BotWSaveManager.Conversion", "BotWSaveManager.Conversion\BotWSaveManager.Conversion.csproj", "{760B1117-BC1D-4C8C-A392-4136C94D3BC5}"
EndProject
Project("{FAE04EC0-301F-11D3-BF4B-00C04F79EFBC}") = "BotWSaveManager.UI", "BotWSaveManager.UI\BotWSaveManager.UI.csproj", "{4BFC357A-B4C2-4032-8673-1F5C100C7A75}"
EndProject
Project("{FAE04EC0-301F-11D3-BF4B-00C04F79EFBC}") = "BotWSaveManager.Command", "BotWSaveManager.Command\BotWSaveManager.Command.csproj", "{C85DC55F-1E0A-46C9-AB26-0A3FC5F53948}"
EndProject
Global
	GlobalSection(SolutionConfigurationPlatforms) = preSolution
		Debug|Any CPU = Debug|Any CPU
		Release|Any CPU = Release|Any CPU
	EndGlobalSection
	GlobalSection(ProjectConfigurationPlatforms) = postSolution
		{760B1117-BC1D-4C8C-A392-4136C94D3BC5}.Debug|Any CPU.ActiveCfg = Debug|Any CPU
		{760B1117-BC1D-4C8C-A392-4136C94D3BC5}.Debug|Any CPU.Build.0 = Debug|Any CPU
		{760B1117-BC1D-4C8C-A392-4136C94D3BC5}.Release|Any CPU.ActiveCfg = Release|Any CPU
		{760B1117-BC1D-4C8C-A392-4136C94D3BC5}.Release|Any CPU.Build.0 = Release|Any CPU
		{4BFC357A-B4C2-4032-8673-1F5C100C7A75}.Debug|Any CPU.ActiveCfg = Debug|Any CPU
		{4BFC357A-B4C2-4032-8673-1F5C100C7A75}.Debug|Any CPU.Build.0 = Debug|Any CPU
		{4BFC357A-B4C2-4032-8673-1F5C100C7A75}.Release|Any CPU.ActiveCfg = Release|Any CPU
		{4BFC357A-B4C2-4032-8673-1F5C100C7A75}.Release|Any CPU.Build.0 = Release|Any CPU
		{C85DC55F-1E0A-46C9-AB26-0A3FC5F53948}.Debug|Any CPU.ActiveCfg = Debug|Any CPU
		{C85DC55F-1E0A-46C9-AB26-0A3FC5F53948}.Debug|Any CPU.Build.0 = Debug|Any CPU
		{C85DC55F-1E0A-46C9-AB26-0A3FC5F53948}.Release|Any CPU.ActiveCfg = Release|Any CPU
		{C85DC55F-1E0A-46C9-AB26-0A3FC5F53948}.Release|Any CPU.Build.0 = Release|Any CPU
	EndGlobalSection
	GlobalSection(SolutionProperties) = preSolution
		HideSolutionNode = FALSE
	EndGlobalSection
	GlobalSection(ExtensibilityGlobals) = postSolution
		SolutionGuid = {BDBA405A-AA46-44C4-A8AC-362F5402ECFE}
	EndGlobalSection
EndGlobal
