
Microsoft Visual Studio Solution File, Format Version 12.00
# Visual Studio Version 17
VisualStudioVersion = 17.3.32929.385
MinimumVisualStudioVersion = 10.0.40219.1
Project("{9A19103F-16F7-4668-BE54-9A1E7A4F7556}") = "BotwSaveManager.Conversion", "BotWSaveManager.Conversion-netstandard\BotwSaveManager.Conversion.csproj", "{760B1117-BC1D-4C8C-A392-4136C94D3BC5}"
EndProject
Project("{FAE04EC0-301F-11D3-BF4B-00C04F79EFBC}") = "BotwSaveManager.UI", "BotWSaveManager.UI-netstandard\BotwSaveManager.UI.csproj", "{4BFC357A-B4C2-4032-8673-1F5C100C7A75}"
EndProject
Project("{9A19103F-16F7-4668-BE54-9A1E7A4F7556}") = "BotwSaveManager.Command", "BotWSaveManager.Command\BotwSaveManager.Command.csproj", "{C85DC55F-1E0A-46C9-AB26-0A3FC5F53948}"
EndProject
Project("{9A19103F-16F7-4668-BE54-9A1E7A4F7556}") = "BotwSaveManager", "BotwSaveManager\BotwSaveManager.csproj", "{0E27AAAF-39B4-4908-810F-F8504CB983FD}"
EndProject
Project("{FAE04EC0-301F-11D3-BF4B-00C04F79EFBC}") = "BotwSaveManager.Core", "BotwSaveManager.Core\BotwSaveManager.Core.csproj", "{7C836A47-7440-4468-9027-5C56CB5B52CB}"
EndProject
Global
	GlobalSection(SolutionConfigurationPlatforms) = preSolution
		Debug|Any CPU = Debug|Any CPU
		Release|Any CPU = Release|Any CPU
	EndGlobalSection
	GlobalSection(ProjectConfigurationPlatforms) = postSolution
		{760B1117-BC1D-4C8C-A392-4136C94D3BC5}.Debug|Any CPU.ActiveCfg = Debug|Any CPU
		{760B1117-BC1D-4C8C-A392-4136C94D3BC5}.Debug|Any CPU.Build.0 = Debug|Any CPU
		{760B1117-BC1D-4C8C-A392-4136C94D3BC5}.Release|Any CPU.ActiveCfg = Release|Any CPU
		{760B1117-BC1D-4C8C-A392-4136C94D3BC5}.Release|Any CPU.Build.0 = Release|Any CPU
		{4BFC357A-B4C2-4032-8673-1F5C100C7A75}.Debug|Any CPU.ActiveCfg = Debug|Any CPU
		{4BFC357A-B4C2-4032-8673-1F5C100C7A75}.Debug|Any CPU.Build.0 = Debug|Any CPU
		{4BFC357A-B4C2-4032-8673-1F5C100C7A75}.Release|Any CPU.ActiveCfg = Release|Any CPU
		{4BFC357A-B4C2-4032-8673-1F5C100C7A75}.Release|Any CPU.Build.0 = Release|Any CPU
		{C85DC55F-1E0A-46C9-AB26-0A3FC5F53948}.Debug|Any CPU.ActiveCfg = Debug|Any CPU
		{C85DC55F-1E0A-46C9-AB26-0A3FC5F53948}.Debug|Any CPU.Build.0 = Debug|Any CPU
		{C85DC55F-1E0A-46C9-AB26-0A3FC5F53948}.Release|Any CPU.ActiveCfg = Release|Any CPU
		{C85DC55F-1E0A-46C9-AB26-0A3FC5F53948}.Release|Any CPU.Build.0 = Release|Any CPU
		{0E27AAAF-39B4-4908-810F-F8504CB983FD}.Debug|Any CPU.ActiveCfg = Debug|Any CPU
		{0E27AAAF-39B4-4908-810F-F8504CB983FD}.Debug|Any CPU.Build.0 = Debug|Any CPU
		{0E27AAAF-39B4-4908-810F-F8504CB983FD}.Release|Any CPU.ActiveCfg = Release|Any CPU
		{0E27AAAF-39B4-4908-810F-F8504CB983FD}.Release|Any CPU.Build.0 = Release|Any CPU
		{7C836A47-7440-4468-9027-5C56CB5B52CB}.Debug|Any CPU.ActiveCfg = Debug|Any CPU
		{7C836A47-7440-4468-9027-5C56CB5B52CB}.Debug|Any CPU.Build.0 = Debug|Any CPU
		{7C836A47-7440-4468-9027-5C56CB5B52CB}.Release|Any CPU.ActiveCfg = Release|Any CPU
		{7C836A47-7440-4468-9027-5C56CB5B52CB}.Release|Any CPU.Build.0 = Release|Any CPU
	EndGlobalSection
	GlobalSection(SolutionProperties) = preSolution
		HideSolutionNode = FALSE
	EndGlobalSection
	GlobalSection(ExtensibilityGlobals) = postSolution
		SolutionGuid = {BDBA405A-AA46-44C4-A8AC-362F5402ECFE}
	EndGlobalSection
EndGlobal
